<Solution>
  <Configurations>
    <Platform Name="x64" />
    <Platform Name="x86" />
  </Configurations>
  <Folder Name="/解决方案项/">
    <File Path="README.md" />
  </Folder>
  <Project Path="cheapInject/cheapInject.vcxproj" Id="84d83757-0e46-4343-b464-d7e9f7b849ec" />
  <Project Path="mymspinyin.vcxproj" Id="ae3493fa-0398-4121-981c-5b5db4291b71" />
</Solution>
